
Microsoft Visual Studio Solution File, Format Version 12.00
# Visual Studio Version 17
VisualStudioVersion = 17.10.34928.147
MinimumVisualStudioVersion = 10.0.40219.1
Project("{FAE04EC0-301F-11D3-BF4B-00C04F79EFBC}") = "praktika2", "praktika2.csproj", "{DDEC152A-BA50-4DF8-B5CA-D318CEA76057}"
EndProject
Global
	GlobalSection(SolutionConfigurationPlatforms) = preSolution
		Debug|Any CPU = Debug|Any CPU
		Release|Any CPU = Release|Any CPU
	EndGlobalSection
	GlobalSection(ProjectConfigurationPlatforms) = postSolution
		{DDEC152A-BA50-4DF8-B5CA-D318CEA76057}.Debug|Any CPU.ActiveCfg = Debug|Any CPU
		{DDEC152A-BA50-4DF8-B5CA-D318CEA76057}.Debug|Any CPU.Build.0 = Debug|Any CPU
		{DDEC152A-BA50-4DF8-B5CA-D318CEA76057}.Release|Any CPU.ActiveCfg = Release|Any CPU
		{DDEC152A-BA50-4DF8-B5CA-D318CEA76057}.Release|Any CPU.Build.0 = Release|Any CPU
	EndGlobalSection
	GlobalSection(SolutionProperties) = preSolution
		HideSolutionNode = FALSE
	EndGlobalSection
	GlobalSection(ExtensibilityGlobals) = postSolution
		SolutionGuid = {849B7441-7CAF-4C47-A280-1EDDFF2F03A1}
	EndGlobalSection
EndGlobal
